PODS:
  - Alamofire (4.5.0)
  - Gloss (1.2.4)
  - GRMustache.swift (2.0.0)
  - OhmageOMHSDK (0.4.0):
    - OhmageOMHSDK/Core (= 0.4.0)
  - OhmageOMHSDK/Core (0.4.0):
    - Alamofire (~> 4)
    - OMHClient (~> 0.1)
    - SecureQueue
  - OhmageOMHSDK/RKSupport (0.4.0):
    - OhmageOMHSDK/Core
    - ResearchKit (~> 1.4)
    - ResearchSuiteExtensions (~> 0.2)
  - OhmageOMHSDK/RSRPSupport (0.4.0):
    - OhmageOMHSDK/Core
    - ResearchSuiteResultsProcessor
  - OhmageOMHSDK/RSTBSupport (0.4.0):
    - OhmageOMHSDK/Core
    - OhmageOMHSDK/RKSupport
    - ResearchSuiteTaskBuilder
  - OMHClient (0.1.0):
    - Alamofire (~> 4.0)
  - ResearchKit (1.5.2)
  - ResearchSuiteAppFramework (0.0.2):
    - ResearchSuiteAppFramework/Core (= 0.0.2)
  - ResearchSuiteAppFramework/Core (0.0.2):
    - Gloss (~> 1.2)
    - ResearchKit (~> 1.4)
    - ResearchSuiteResultsProcessor (~> 0.3)
    - ResearchSuiteTaskBuilder (~> 0.5)
    - ReSwift (~> 3.0)
  - ResearchSuiteExtensions (0.4.0):
    - ResearchSuiteExtensions/Common (= 0.4.0)
    - ResearchSuiteExtensions/Core (= 0.4.0)
    - ResearchSuiteExtensions/RSTBSupport (= 0.4.0)
  - ResearchSuiteExtensions/Common (0.4.0):
    - ResearchKit (~> 1.4)
  - ResearchSuiteExtensions/Core (0.4.0):
    - ResearchKit (~> 1.4)
    - ResearchSuiteExtensions/Common
  - ResearchSuiteExtensions/RSTBSupport (0.4.0):
    - Gloss (~> 1)
    - GRMustache.swift (~> 2.0)
    - ResearchSuiteExtensions/Core
    - ResearchSuiteTaskBuilder (~> 0.4)
    - SwiftyMarkdown (~> 0.3)
  - ResearchSuiteResultsProcessor (0.4.0):
    - ResearchSuiteResultsProcessor/Core (= 0.4.0)
  - ResearchSuiteResultsProcessor/Core (0.4.0):
    - Gloss (~> 1.1)
    - ResearchKit (~> 1.3)
  - ResearchSuiteTaskBuilder (0.7.0):
    - Gloss (~> 1.1)
    - ResearchKit (~> 1.3)
  - ReSwift (3.0.0)
  - sdlrkx (0.14.0):
    - sdlrkx/Behavioral (= 0.14.0)
    - sdlrkx/Behavioral-RSRPOhmageBackend (= 0.14.0)
    - sdlrkx/Behavioral-RSRPSupport (= 0.14.0)
    - sdlrkx/Behavioral-RSTBSupport (= 0.14.0)
    - sdlrkx/Helpers (= 0.14.0)
    - sdlrkx/VSR (= 0.14.0)
    - sdlrkx/VSR-RSRPOhmageBackend (= 0.14.0)
    - sdlrkx/VSR-RSRPSupport (= 0.14.0)
    - sdlrkx/VSR-RSTBSupport (= 0.14.0)
  - sdlrkx/Behavioral (0.14.0):
    - ResearchKit (~> 1.4)
    - ResearchSuiteExtensions/Common (~> 0.1)
    - sdlrkx/Helpers
  - sdlrkx/Behavioral-RSRPOhmageBackend (0.14.0):
    - OMHClient
    - sdlrkx/Behavioral-RSRPSupport
  - sdlrkx/Behavioral-RSRPSupport (0.14.0):
    - ResearchKit (~> 1.4)
    - ResearchSuiteResultsProcessor (~> 0.2)
    - sdlrkx/Behavioral
  - sdlrkx/Behavioral-RSTBSupport (0.14.0):
    - Gloss (~> 1)
    - ResearchSuiteTaskBuilder (~> 0.4)
    - sdlrkx/Behavioral
  - sdlrkx/Helpers (0.14.0)
  - sdlrkx/VSR (0.14.0):
    - Gloss (~> 1)
    - ResearchKit (~> 1.4)
    - ResearchSuiteExtensions/Common (~> 0.1)
    - sdlrkx/Helpers
  - sdlrkx/VSR-RSRPOhmageBackend (0.14.0):
    - OMHClient
    - sdlrkx/VSR-RSRPSupport
  - sdlrkx/VSR-RSRPSupport (0.14.0):
    - ResearchKit (~> 1.4)
    - ResearchSuiteResultsProcessor (~> 0.2)
    - sdlrkx/VSR
  - sdlrkx/VSR-RSTBSupport (0.14.0):
    - Gloss (~> 1)
    - ResearchSuiteExtensions/Common (~> 0.1)
    - ResearchSuiteTaskBuilder (~> 0.4)
    - sdlrkx/VSR
  - SecureQueue (0.0.5)
  - SwiftyMarkdown (0.3.4)

DEPENDENCIES:
  - OhmageOMHSDK
  - OhmageOMHSDK/RKSupport
  - OhmageOMHSDK/RSRPSupport
  - OhmageOMHSDK/RSTBSupport
  - ResearchKit
  - ResearchSuiteAppFramework
  - ResearchSuiteResultsProcessor
  - ResearchSuiteTaskBuilder
  - sdlrkx

SPEC CHECKSUMS:
  Alamofire: f28cdffd29de33a7bfa022cbd63ae95a27fae140
  Gloss: 4e036074610fdb993abcb958ebcd7332588e2333
  GRMustache.swift: 8a547c12bea16052071b2b540af83d770075f0eb
  OhmageOMHSDK: 166e6409585f30f5bf495cba32c5706fdf01d749
  OMHClient: 0cf53a006075ccb5de616e5e870458d1e6b1ff68
  ResearchKit: a5770681dd61afddd3d1f24d232b9abf00cba454
  ResearchSuiteAppFramework: 00ce09861de562b5569934ad4e316f33929718b3
  ResearchSuiteExtensions: 1b35e5567425d839f08f9d0618cf5434def9490d
  ResearchSuiteResultsProcessor: bd30e0f4685e086060d45c1372fc610470cd2387
  ResearchSuiteTaskBuilder: 1c96808e65e798282b543582746dc22ea8efaad4
  ReSwift: f0255f4b4f2dacd12c5d97d34d13fc5dad6d6371
  sdlrkx: 15b87ba91b410ba8605950a5a75e2a5e60cb9d34
  SecureQueue: 3aa95a5bba534c3aa938ae634333cbcf5919060b
  SwiftyMarkdown: e227c4f67000248358be3d566e5f51e9a020757d

PODFILE CHECKSUM: ca829e92bcab024b95f2a4154bdd2fb35781180b

COCOAPODS: 1.0.1
