// !$*UTF8*$!
{
	archiveVersion = 1;
	classes = {
	};
	objectVersion = 46;
	objects = {

/* Begin PBXBuildFile section */
		18A1F58B90DF5033C8095E57 /* Pods_PAM_Reference_App.framework in Frameworks */ = {isa = PBXBuildFile; fileRef = 1F2DFD3237E720EE536F3615 /* Pods_PAM_Reference_App.framework */; };
		91B2ED967CE5F65772710FAA /* Pods_PAM_Reference_AppTests.framework in Frameworks */ = {isa = PBXBuildFile; fileRef = 0459C67DC47214B6BEE572A2 /* Pods_PAM_Reference_AppTests.framework */; };
		CF0A6E5F1FB204C4005ADC8F /* PAMOnboarding.storyboard in Resources */ = {isa = PBXBuildFile; fileRef = CF0A6E5E1FB204C4005ADC8F /* PAMOnboarding.storyboard */; };
		CF0A6E611FB204F7005ADC8F /* PAMOnboardingViewController.swift in Sources */ = {isa = PBXBuildFile; fileRef = CF0A6E601FB204F7005ADC8F /* PAMOnboardingViewController.swift */; };
		CF0A6E631FB2050B005ADC8F /* RSStore.swift in Sources */ = {isa = PBXBuildFile; fileRef = CF0A6E621FB2050B005ADC8F /* RSStore.swift */; };
		CF0A6E651FB20518005ADC8F /* PAMSettingsViewController.swift in Sources */ = {isa = PBXBuildFile; fileRef = CF0A6E641FB20518005ADC8F /* PAMSettingsViewController.swift */; };
		CF0A6E671FB2075D005ADC8F /* pam.json in Resources */ = {isa = PBXBuildFile; fileRef = CF0A6E661FB2075D005ADC8F /* pam.json */; };
		CF0A6E691FB20931005ADC8F /* notification.json in Resources */ = {isa = PBXBuildFile; fileRef = CF0A6E681FB20931005ADC8F /* notification.json */; };
		CF5F1B3F200573E90003AE00 /* PAMRaw+CSVEncodable.swift in Sources */ = {isa = PBXBuildFile; fileRef = CF5F1B3E200573E90003AE00 /* PAMRaw+CSVEncodable.swift */; };
		CF76E1DF1FB11E5000D32037 /* AppDelegate.swift in Sources */ = {isa = PBXBuildFile; fileRef = CF76E1DE1FB11E5000D32037 /* AppDelegate.swift */; };
		CF76E1E11FB11E5000D32037 /* PAMViewController.swift in Sources */ = {isa = PBXBuildFile; fileRef = CF76E1E01FB11E5000D32037 /* PAMViewController.swift */; };
		CF76E1E41FB11E5000D32037 /* Main.storyboard in Resources */ = {isa = PBXBuildFile; fileRef = CF76E1E21FB11E5000D32037 /* Main.storyboard */; };
		CF76E1E61FB11E5000D32037 /* Assets.xcassets in Resources */ = {isa = PBXBuildFile; fileRef = CF76E1E51FB11E5000D32037 /* Assets.xcassets */; };
		CF76E1E91FB11E5000D32037 /* LaunchScreen.storyboard in Resources */ = {isa = PBXBuildFile; fileRef = CF76E1E71FB11E5000D32037 /* LaunchScreen.storyboard */; };
		CF76E1F41FB11E5100D32037 /* PAM_Reference_AppTests.swift in Sources */ = {isa = PBXBuildFile; fileRef = CF76E1F31FB11E5100D32037 /* PAM_Reference_AppTests.swift */; };
		CFF3399F1FCDE427007AF403 /* PAMRaw+RSRPCSVDatapointBuilder.swift in Sources */ = {isa = PBXBuildFile; fileRef = CFF3399E1FCDE427007AF403 /* PAMRaw+RSRPCSVDatapointBuilder.swift */; };
/* End PBXBuildFile section */

/* Begin PBXContainerItemProxy section */
		CF76E1F01FB11E5100D32037 /* PBXContainerItemProxy */ = {
			isa = PBXContainerItemProxy;
			containerPortal = CF76E1D31FB11E5000D32037 /* Project object */;
			proxyType = 1;
			remoteGlobalIDString = CF76E1DA1FB11E5000D32037;
			remoteInfo = "PAM-Reference-App";
		};
/* End PBXContainerItemProxy section */

/* Begin PBXFileReference section */
		0459C67DC47214B6BEE572A2 /* Pods_PAM_Reference_AppTests.framework */ = {isa = PBXFileReference; explicitFileType = wrapper.framework; includeInIndex = 0; path = Pods_PAM_Reference_AppTests.framework; sourceTree = BUILT_PRODUCTS_DIR; };
		1E9B28DD7C1C80386F91B68D /* Pods-PAM-Reference-App.release.xcconfig */ = {isa = PBXFileReference; includeInIndex = 1; lastKnownFileType = text.xcconfig; name = "Pods-PAM-Reference-App.release.xcconfig"; path = "Pods/Target Support Files/Pods-PAM-Reference-App/Pods-PAM-Reference-App.release.xcconfig"; sourceTree = "<group>"; };
		1F2DFD3237E720EE536F3615 /* Pods_PAM_Reference_App.framework */ = {isa = PBXFileReference; explicitFileType = wrapper.framework; includeInIndex = 0; path = Pods_PAM_Reference_App.framework; sourceTree = BUILT_PRODUCTS_DIR; };
		907126D48B325A26E86032C9 /* Pods-PAM-Reference-AppTests.debug.xcconfig */ = {isa = PBXFileReference; includeInIndex = 1; lastKnownFileType = text.xcconfig; name = "Pods-PAM-Reference-AppTests.debug.xcconfig"; path = "Pods/Target Support Files/Pods-PAM-Reference-AppTests/Pods-PAM-Reference-AppTests.debug.xcconfig"; sourceTree = "<group>"; };
		B9EC30007A0CF4B38E9B68FC /* Pods-PAM-Reference-AppTests.release.xcconfig */ = {isa = PBXFileReference; includeInIndex = 1; lastKnownFileType = text.xcconfig; name = "Pods-PAM-Reference-AppTests.release.xcconfig"; path = "Pods/Target Support Files/Pods-PAM-Reference-AppTests/Pods-PAM-Reference-AppTests.release.xcconfig"; sourceTree = "<group>"; };
		C532A705F36A8276291514B1 /* Pods-PAM-Reference-App.debug.xcconfig */ = {isa = PBXFileReference; includeInIndex = 1; lastKnownFileType = text.xcconfig; name = "Pods-PAM-Reference-App.debug.xcconfig"; path = "Pods/Target Support Files/Pods-PAM-Reference-App/Pods-PAM-Reference-App.debug.xcconfig"; sourceTree = "<group>"; };
		CF0A6E5E1FB204C4005ADC8F /* PAMOnboarding.storyboard */ = {isa = PBXFileReference; fileEncoding = 4; lastKnownFileType = file.storyboard; path = PAMOnboarding.storyboard; sourceTree = "<group>"; };
		CF0A6E601FB204F7005ADC8F /* PAMOnboardingViewController.swift */ = {isa = PBXFileReference; fileEncoding = 4; lastKnownFileType = sourcecode.swift; path = PAMOnboardingViewController.swift; sourceTree = "<group>"; };
		CF0A6E621FB2050B005ADC8F /* RSStore.swift */ = {isa = PBXFileReference; fileEncoding = 4; lastKnownFileType = sourcecode.swift; path = RSStore.swift; sourceTree = "<group>"; };
		CF0A6E641FB20518005ADC8F /* PAMSettingsViewController.swift */ = {isa = PBXFileReference; fileEncoding = 4; lastKnownFileType = sourcecode.swift; path = PAMSettingsViewController.swift; sourceTree = "<group>"; };
		CF0A6E661FB2075D005ADC8F /* pam.json */ = {isa = PBXFileReference; fileEncoding = 4; lastKnownFileType = text.json; path = pam.json; sourceTree = "<group>"; };
		CF0A6E681FB20931005ADC8F /* notification.json */ = {isa = PBXFileReference; fileEncoding = 4; lastKnownFileType = text.json; path = notification.json; sourceTree = "<group>"; };
		CF5F1B3E200573E90003AE00 /* PAMRaw+CSVEncodable.swift */ = {isa = PBXFileReference; fileEncoding = 4; lastKnownFileType = sourcecode.swift; path = "PAMRaw+CSVEncodable.swift"; sourceTree = "<group>"; };
		CF76E1DB1FB11E5000D32037 /* PAM-Reference-App.app */ = {isa = PBXFileReference; explicitFileType = wrapper.application; includeInIndex = 0; path = "PAM-Reference-App.app"; sourceTree = BUILT_PRODUCTS_DIR; };
		CF76E1DE1FB11E5000D32037 /* AppDelegate.swift */ = {isa = PBXFileReference; lastKnownFileType = sourcecode.swift; path = AppDelegate.swift; sourceTree = "<group>"; };
		CF76E1E01FB11E5000D32037 /* PAMViewController.swift */ = {isa = PBXFileReference; lastKnownFileType = sourcecode.swift; path = PAMViewController.swift; sourceTree = "<group>"; };
		CF76E1E31FB11E5000D32037 /* Base */ = {isa = PBXFileReference; lastKnownFileType = file.storyboard; name = Base; path = Base.lproj/Main.storyboard; sourceTree = "<group>"; };
		CF76E1E51FB11E5000D32037 /* Assets.xcassets */ = {isa = PBXFileReference; lastKnownFileType = folder.assetcatalog; path = Assets.xcassets; sourceTree = "<group>"; };
		CF76E1E81FB11E5000D32037 /* Base */ = {isa = PBXFileReference; lastKnownFileType = file.storyboard; name = Base; path = Base.lproj/LaunchScreen.storyboard; sourceTree = "<group>"; };
		CF76E1EA1FB11E5000D32037 /* Info.plist */ = {isa = PBXFileReference; lastKnownFileType = text.plist.xml; path = Info.plist; sourceTree = "<group>"; };
		CF76E1EF1FB11E5100D32037 /* PAM-Reference-AppTests.xctest */ = {isa = PBXFileReference; explicitFileType = wrapper.cfbundle; includeInIndex = 0; path = "PAM-Reference-AppTests.xctest"; sourceTree = BUILT_PRODUCTS_DIR; };
		CF76E1F31FB11E5100D32037 /* PAM_Reference_AppTests.swift */ = {isa = PBXFileReference; lastKnownFileType = sourcecode.swift; path = PAM_Reference_AppTests.swift; sourceTree = "<group>"; };
		CF76E1F51FB11E5100D32037 /* Info.plist */ = {isa = PBXFileReference; lastKnownFileType = text.plist.xml; path = Info.plist; sourceTree = "<group>"; };
		CFF3399E1FCDE427007AF403 /* PAMRaw+RSRPCSVDatapointBuilder.swift */ = {isa = PBXFileReference; fileEncoding = 4; lastKnownFileType = sourcecode.swift; path = "PAMRaw+RSRPCSVDatapointBuilder.swift"; sourceTree = "<group>"; };
/* End PBXFileReference section */

/* Begin PBXFrameworksBuildPhase section */
		CF76E1D81FB11E5000D32037 /* Frameworks */ = {
			isa = PBXFrameworksBuildPhase;
			buildActionMask = 2147483647;
			files = (
				18A1F58B90DF5033C8095E57 /* Pods_PAM_Reference_App.framework in Frameworks */,
			);
			runOnlyForDeploymentPostprocessing = 0;
		};
		CF76E1EC1FB11E5100D32037 /* Frameworks */ = {
			isa = PBXFrameworksBuildPhase;
			buildActionMask = 2147483647;
			files = (
				91B2ED967CE5F65772710FAA /* Pods_PAM_Reference_AppTests.framework in Frameworks */,
			);
			runOnlyForDeploymentPostprocessing = 0;
		};
/* End PBXFrameworksBuildPhase section */

/* Begin PBXGroup section */
		38F3A02CE7B983528D1E7425 /* Pods */ = {
			isa = PBXGroup;
			children = (
				C532A705F36A8276291514B1 /* Pods-PAM-Reference-App.debug.xcconfig */,
				1E9B28DD7C1C80386F91B68D /* Pods-PAM-Reference-App.release.xcconfig */,
				907126D48B325A26E86032C9 /* Pods-PAM-Reference-AppTests.debug.xcconfig */,
				B9EC30007A0CF4B38E9B68FC /* Pods-PAM-Reference-AppTests.release.xcconfig */,
			);
			name = Pods;
			sourceTree = "<group>";
		};
		AED3F2845A1C699BEB0F2A4A /* Frameworks */ = {
			isa = PBXGroup;
			children = (
				1F2DFD3237E720EE536F3615 /* Pods_PAM_Reference_App.framework */,
				0459C67DC47214B6BEE572A2 /* Pods_PAM_Reference_AppTests.framework */,
			);
			name = Frameworks;
			sourceTree = "<group>";
		};
		CF0A6E5A1FB202F9005ADC8F /* Storyboards */ = {
			isa = PBXGroup;
			children = (
				CF76E1E71FB11E5000D32037 /* LaunchScreen.storyboard */,
				CF76E1E21FB11E5000D32037 /* Main.storyboard */,
				CF0A6E5E1FB204C4005ADC8F /* PAMOnboarding.storyboard */,
			);
			name = Storyboards;
			sourceTree = "<group>";
		};
		CF0A6E5B1FB2030E005ADC8F /* Support Files */ = {
			isa = PBXGroup;
			children = (
				CF76E1E51FB11E5000D32037 /* Assets.xcassets */,
				CF76E1EA1FB11E5000D32037 /* Info.plist */,
			);
			name = "Support Files";
			sourceTree = "<group>";
		};
		CF0A6E5C1FB20320005ADC8F /* config */ = {
			isa = PBXGroup;
			children = (
				CF0A6E5D1FB20325005ADC8F /* json */,
			);
			name = config;
			sourceTree = "<group>";
		};
		CF0A6E5D1FB20325005ADC8F /* json */ = {
			isa = PBXGroup;
			children = (
				CF0A6E661FB2075D005ADC8F /* pam.json */,
				CF0A6E681FB20931005ADC8F /* notification.json */,
			);
			name = json;
			sourceTree = "<group>";
		};
		CF76E1D21FB11E5000D32037 = {
			isa = PBXGroup;
			children = (
				CF76E1DD1FB11E5000D32037 /* PAM-Reference-App */,
				CF76E1F21FB11E5100D32037 /* PAM-Reference-AppTests */,
				CF76E1DC1FB11E5000D32037 /* Products */,
				38F3A02CE7B983528D1E7425 /* Pods */,
				AED3F2845A1C699BEB0F2A4A /* Frameworks */,
			);
			sourceTree = "<group>";
		};
		CF76E1DC1FB11E5000D32037 /* Products */ = {
			isa = PBXGroup;
			children = (
				CF76E1DB1FB11E5000D32037 /* PAM-Reference-App.app */,
				CF76E1EF1FB11E5100D32037 /* PAM-Reference-AppTests.xctest */,
			);
			name = Products;
			sourceTree = "<group>";
		};
		CF76E1DD1FB11E5000D32037 /* PAM-Reference-App */ = {
			isa = PBXGroup;
			children = (
				CF0A6E5C1FB20320005ADC8F /* config */,
				CF0A6E5B1FB2030E005ADC8F /* Support Files */,
				CF0A6E5A1FB202F9005ADC8F /* Storyboards */,
				CF76E1DE1FB11E5000D32037 /* AppDelegate.swift */,
				CF76E1E01FB11E5000D32037 /* PAMViewController.swift */,
				CF0A6E601FB204F7005ADC8F /* PAMOnboardingViewController.swift */,
				CF0A6E621FB2050B005ADC8F /* RSStore.swift */,
				CF0A6E641FB20518005ADC8F /* PAMSettingsViewController.swift */,
				CFF3399E1FCDE427007AF403 /* PAMRaw+RSRPCSVDatapointBuilder.swift */,
				CF5F1B3E200573E90003AE00 /* PAMRaw+CSVEncodable.swift */,
			);
			path = "PAM-Reference-App";
			sourceTree = "<group>";
		};
		CF76E1F21FB11E5100D32037 /* PAM-Reference-AppTests */ = {
			isa = PBXGroup;
			children = (
				CF76E1F31FB11E5100D32037 /* PAM_Reference_AppTests.swift */,
				CF76E1F51FB11E5100D32037 /* Info.plist */,
			);
			path = "PAM-Reference-AppTests";
			sourceTree = "<group>";
		};
/* End PBXGroup section */

/* Begin PBXNativeTarget section */
		CF76E1DA1FB11E5000D32037 /* PAM-Reference-App */ = {
			isa = PBXNativeTarget;
			buildConfigurationList = CF76E1F81FB11E5100D32037 /* Build configuration list for PBXNativeTarget "PAM-Reference-App" */;
			buildPhases = (
				B797B96AA1486EA8B2154F84 /* [CP] Check Pods Manifest.lock */,
				CF76E1D71FB11E5000D32037 /* Sources */,
				CF76E1D81FB11E5000D32037 /* Frameworks */,
				CF76E1D91FB11E5000D32037 /* Resources */,
				611F5A348D55A3CAD2FACD8A /* [CP] Embed Pods Frameworks */,
				3B6E2D7F895F5E35A32D78C5 /* [CP] Copy Pods Resources */,
			);
			buildRules = (
			);
			dependencies = (
			);
			name = "PAM-Reference-App";
			productName = "PAM-Reference-App";
			productReference = CF76E1DB1FB11E5000D32037 /* PAM-Reference-App.app */;
			productType = "com.apple.product-type.application";
		};
		CF76E1EE1FB11E5100D32037 /* PAM-Reference-AppTests */ = {
			isa = PBXNativeTarget;
			buildConfigurationList = CF76E1FB1FB11E5100D32037 /* Build configuration list for PBXNativeTarget "PAM-Reference-AppTests" */;
			buildPhases = (
				026DCCDC1E3658EF5F2D130D /* [CP] Check Pods Manifest.lock */,
				CF76E1EB1FB11E5100D32037 /* Sources */,
				CF76E1EC1FB11E5100D32037 /* Frameworks */,
				CF76E1ED1FB11E5100D32037 /* Resources */,
				84551D3B376E0C7972640DEB /* [CP] Embed Pods Frameworks */,
				0C7DBA81C840F66BD762756C /* [CP] Copy Pods Resources */,
			);
			buildRules = (
			);
			dependencies = (
				CF76E1F11FB11E5100D32037 /* PBXTargetDependency */,
			);
			name = "PAM-Reference-AppTests";
			productName = "PAM-Reference-AppTests";
			productReference = CF76E1EF1FB11E5100D32037 /* PAM-Reference-AppTests.xctest */;
			productType = "com.apple.product-type.bundle.unit-test";
		};
/* End PBXNativeTarget section */

/* Begin PBXProject section */
		CF76E1D31FB11E5000D32037 /* Project object */ = {
			isa = PBXProject;
			attributes = {
				LastSwiftUpdateCheck = 0830;
				LastUpgradeCheck = 0830;
				ORGANIZATIONNAME = "Christina Tsangouri";
				TargetAttributes = {
					CF76E1DA1FB11E5000D32037 = {
						CreatedOnToolsVersion = 8.3.3;
						DevelopmentTeam = E8AN4S9FD3;
						LastSwiftMigration = 0830;
						ProvisioningStyle = Automatic;
						SystemCapabilities = {
							com.apple.InAppPurchase = {
								enabled = 0;
							};
						};
					};
					CF76E1EE1FB11E5100D32037 = {
						CreatedOnToolsVersion = 8.3.3;
						DevelopmentTeam = E8AN4S9FD3;
						LastSwiftMigration = 0830;
						ProvisioningStyle = Automatic;
						TestTargetID = CF76E1DA1FB11E5000D32037;
					};
				};
			};
			buildConfigurationList = CF76E1D61FB11E5000D32037 /* Build configuration list for PBXProject "PAM-Reference-App" */;
			compatibilityVersion = "Xcode 3.2";
			developmentRegion = English;
			hasScannedForEncodings = 0;
			knownRegions = (
				en,
				Base,
			);
			mainGroup = CF76E1D21FB11E5000D32037;
			productRefGroup = CF76E1DC1FB11E5000D32037 /* Products */;
			projectDirPath = "";
			projectRoot = "";
			targets = (
				CF76E1DA1FB11E5000D32037 /* PAM-Reference-App */,
				CF76E1EE1FB11E5100D32037 /* PAM-Reference-AppTests */,
			);
		};
/* End PBXProject section */

/* Begin PBXResourcesBuildPhase section */
		CF76E1D91FB11E5000D32037 /* Resources */ = {
			isa = PBXResourcesBuildPhase;
			buildActionMask = 2147483647;
			files = (
				CF0A6E5F1FB204C4005ADC8F /* PAMOnboarding.storyboard in Resources */,
				CF76E1E91FB11E5000D32037 /* LaunchScreen.storyboard in Resources */,
				CF76E1E61FB11E5000D32037 /* Assets.xcassets in Resources */,
				CF0A6E671FB2075D005ADC8F /* pam.json in Resources */,
				CF0A6E691FB20931005ADC8F /* notification.json in Resources */,
				CF76E1E41FB11E5000D32037 /* Main.storyboard in Resources */,
			);
			runOnlyForDeploymentPostprocessing = 0;
		};
		CF76E1ED1FB11E5100D32037 /* Resources */ = {
			isa = PBXResourcesBuildPhase;
			buildActionMask = 2147483647;
			files = (
			);
			runOnlyForDeploymentPostprocessing = 0;
		};
/* End PBXResourcesBuildPhase section */

/* Begin PBXShellScriptBuildPhase section */
		026DCCDC1E3658EF5F2D130D /* [CP] Check Pods Manifest.lock */ = {
			isa = PBXShellScriptBuildPhase;
			buildActionMask = 2147483647;
			files = (
			);
			inputPaths = (
			);
			name = "[CP] Check Pods Manifest.lock";
			outputPaths = (
			);
			runOnlyForDeploymentPostprocessing = 0;
			shellPath = /bin/sh;
			shellScript = "diff \"${PODS_ROOT}/../Podfile.lock\" \"${PODS_ROOT}/Manifest.lock\" > /dev/null\nif [[ $? != 0 ]] ; then\n    cat << EOM\nerror: The sandbox is not in sync with the Podfile.lock. Run 'pod install' or update your CocoaPods installation.\nEOM\n    exit 1\nfi\n";
			showEnvVarsInLog = 0;
		};
		0C7DBA81C840F66BD762756C /* [CP] Copy Pods Resources */ = {
			isa = PBXShellScriptBuildPhase;
			buildActionMask = 2147483647;
			files = (
			);
			inputPaths = (
			);
			name = "[CP] Copy Pods Resources";
			outputPaths = (
			);
			runOnlyForDeploymentPostprocessing = 0;
			shellPath = /bin/sh;
			shellScript = "\"${SRCROOT}/Pods/Target Support Files/Pods-PAM-Reference-AppTests/Pods-PAM-Reference-AppTests-resources.sh\"\n";
			showEnvVarsInLog = 0;
		};
		3B6E2D7F895F5E35A32D78C5 /* [CP] Copy Pods Resources */ = {
			isa = PBXShellScriptBuildPhase;
			buildActionMask = 2147483647;
			files = (
			);
			inputPaths = (
			);
			name = "[CP] Copy Pods Resources";
			outputPaths = (
			);
			runOnlyForDeploymentPostprocessing = 0;
			shellPath = /bin/sh;
			shellScript = "\"${SRCROOT}/Pods/Target Support Files/Pods-PAM-Reference-App/Pods-PAM-Reference-App-resources.sh\"\n";
			showEnvVarsInLog = 0;
		};
		611F5A348D55A3CAD2FACD8A /* [CP] Embed Pods Frameworks */ = {
			isa = PBXShellScriptBuildPhase;
			buildActionMask = 2147483647;
			files = (
			);
			inputPaths = (
			);
			name = "[CP] Embed Pods Frameworks";
			outputPaths = (
			);
			runOnlyForDeploymentPostprocessing = 0;
			shellPath = /bin/sh;
			shellScript = "\"${SRCROOT}/Pods/Target Support Files/Pods-PAM-Reference-App/Pods-PAM-Reference-App-frameworks.sh\"\n";
			showEnvVarsInLog = 0;
		};
		84551D3B376E0C7972640DEB /* [CP] Embed Pods Frameworks */ = {
			isa = PBXShellScriptBuildPhase;
			buildActionMask = 2147483647;
			files = (
			);
			inputPaths = (
			);
			name = "[CP] Embed Pods Frameworks";
			outputPaths = (
			);
			runOnlyForDeploymentPostprocessing = 0;
			shellPath = /bin/sh;
			shellScript = "\"${SRCROOT}/Pods/Target Support Files/Pods-PAM-Reference-AppTests/Pods-PAM-Reference-AppTests-frameworks.sh\"\n";
			showEnvVarsInLog = 0;
		};
		B797B96AA1486EA8B2154F84 /* [CP] Check Pods Manifest.lock */ = {
			isa = PBXShellScriptBuildPhase;
			buildActionMask = 2147483647;
			files = (
			);
			inputPaths = (
			);
			name = "[CP] Check Pods Manifest.lock";
			outputPaths = (
			);
			runOnlyForDeploymentPostprocessing = 0;
			shellPath = /bin/sh;
			shellScript = "diff \"${PODS_ROOT}/../Podfile.lock\" \"${PODS_ROOT}/Manifest.lock\" > /dev/null\nif [[ $? != 0 ]] ; then\n    cat << EOM\nerror: The sandbox is not in sync with the Podfile.lock. Run 'pod install' or update your CocoaPods installation.\nEOM\n    exit 1\nfi\n";
			showEnvVarsInLog = 0;
		};
/* End PBXShellScriptBuildPhase section */

/* Begin PBXSourcesBuildPhase section */
		CF76E1D71FB11E5000D32037 /* Sources */ = {
			isa = PBXSourcesBuildPhase;
			buildActionMask = 2147483647;
			files = (
				CF76E1E11FB11E5000D32037 /* PAMViewController.swift in Sources */,
				CFF3399F1FCDE427007AF403 /* PAMRaw+RSRPCSVDatapointBuilder.swift in Sources */,
				CF5F1B3F200573E90003AE00 /* PAMRaw+CSVEncodable.swift in Sources */,
				CF76E1DF1FB11E5000D32037 /* AppDelegate.swift in Sources */,
				CF0A6E631FB2050B005ADC8F /* RSStore.swift in Sources */,
				CF0A6E651FB20518005ADC8F /* PAMSettingsViewController.swift in Sources */,
				CF0A6E611FB204F7005ADC8F /* PAMOnboardingViewController.swift in Sources */,
			);
			runOnlyForDeploymentPostprocessing = 0;
		};
		CF76E1EB1FB11E5100D32037 /* Sources */ = {
			isa = PBXSourcesBuildPhase;
			buildActionMask = 2147483647;
			files = (
				CF76E1F41FB11E5100D32037 /* PAM_Reference_AppTests.swift in Sources */,
			);
			runOnlyForDeploymentPostprocessing = 0;
		};
/* End PBXSourcesBuildPhase section */

/* Begin PBXTargetDependency section */
		CF76E1F11FB11E5100D32037 /* PBXTargetDependency */ = {
			isa = PBXTargetDependency;
			target = CF76E1DA1FB11E5000D32037 /* PAM-Reference-App */;
			targetProxy = CF76E1F01FB11E5100D32037 /* PBXContainerItemProxy */;
		};
/* End PBXTargetDependency section */

/* Begin PBXVariantGroup section */
		CF76E1E21FB11E5000D32037 /* Main.storyboard */ = {
			isa = PBXVariantGroup;
			children = (
				CF76E1E31FB11E5000D32037 /* Base */,
			);
			name = Main.storyboard;
			sourceTree = "<group>";
		};
		CF76E1E71FB11E5000D32037 /* LaunchScreen.storyboard */ = {
			isa = PBXVariantGroup;
			children = (
				CF76E1E81FB11E5000D32037 /* Base */,
			);
			name = LaunchScreen.storyboard;
			sourceTree = "<group>";
		};
/* End PBXVariantGroup section */

/* Begin XCBuildConfiguration section */
		CF76E1F61FB11E5100D32037 /* Debug */ = {
			isa = XCBuildConfiguration;
			buildSettings = {
				ALWAYS_SEARCH_USER_PATHS = NO;
				CLANG_ANALYZER_NONNULL = YES;
				CLANG_ANALYZER_NUMBER_OBJECT_CONVERSION = YES_AGGRESSIVE;
				CLANG_CXX_LANGUAGE_STANDARD = "gnu++0x";
				CLANG_CXX_LIBRARY = "libc++";
				CLANG_ENABLE_MODULES = YES;
				CLANG_ENABLE_OBJC_ARC = YES;
				CLANG_WARN_BOOL_CONVERSION = YES;
				CLANG_WARN_CONSTANT_CONVERSION = YES;
				CLANG_WARN_DIRECT_OBJC_ISA_USAGE = YES_ERROR;
				CLANG_WARN_DOCUMENTATION_COMMENTS = YES;
				CLANG_WARN_EMPTY_BODY = YES;
				CLANG_WARN_ENUM_CONVERSION = YES;
				CLANG_WARN_INFINITE_RECURSION = YES;
				CLANG_WARN_INT_CONVERSION = YES;
				CLANG_WARN_OBJC_ROOT_CLASS = YES_ERROR;
				CLANG_WARN_SUSPICIOUS_MOVE = YES;
				CLANG_WARN_UNREACHABLE_CODE = YES;
				CLANG_WARN__DUPLICATE_METHOD_MATCH = YES;
				"CODE_SIGN_IDENTITY[sdk=iphoneos*]" = "iPhone Developer";
				COPY_PHASE_STRIP = NO;
				DEBUG_INFORMATION_FORMAT = dwarf;
				ENABLE_STRICT_OBJC_MSGSEND = YES;
				ENABLE_TESTABILITY = YES;
				GCC_C_LANGUAGE_STANDARD = gnu99;
				GCC_DYNAMIC_NO_PIC = NO;
				GCC_NO_COMMON_BLOCKS = YES;
				GCC_OPTIMIZATION_LEVEL = 0;
				GCC_PREPROCESSOR_DEFINITIONS = (
					"DEBUG=1",
					"$(inherited)",
				);
				GCC_WARN_64_TO_32_BIT_CONVERSION = YES;
				GCC_WARN_ABOUT_RETURN_TYPE = YES_ERROR;
				GCC_WARN_UNDECLARED_SELECTOR = YES;
				GCC_WARN_UNINITIALIZED_AUTOS = YES_AGGRESSIVE;
				GCC_WARN_UNUSED_FUNCTION = YES;
				GCC_WARN_UNUSED_VARIABLE = YES;
				IPHONEOS_DEPLOYMENT_TARGET = 10.3;
				MTL_ENABLE_DEBUG_INFO = YES;
				ONLY_ACTIVE_ARCH = YES;
				SDKROOT = iphoneos;
				SWIFT_ACTIVE_COMPILATION_CONDITIONS = DEBUG;
				SWIFT_OPTIMIZATION_LEVEL = "-Onone";
			};
			name = Debug;
		};
		CF76E1F71FB11E5100D32037 /* Release */ = {
			isa = XCBuildConfiguration;
			buildSettings = {
				ALWAYS_SEARCH_USER_PATHS = NO;
				CLANG_ANALYZER_NONNULL = YES;
				CLANG_ANALYZER_NUMBER_OBJECT_CONVERSION = YES_AGGRESSIVE;
				CLANG_CXX_LANGUAGE_STANDARD = "gnu++0x";
				CLANG_CXX_LIBRARY = "libc++";
				CLANG_ENABLE_MODULES = YES;
				CLANG_ENABLE_OBJC_ARC = YES;
				CLANG_WARN_BOOL_CONVERSION = YES;
				CLANG_WARN_CONSTANT_CONVERSION = YES;
				CLANG_WARN_DIRECT_OBJC_ISA_USAGE = YES_ERROR;
				CLANG_WARN_DOCUMENTATION_COMMENTS = YES;
				CLANG_WARN_EMPTY_BODY = YES;
				CLANG_WARN_ENUM_CONVERSION = YES;
				CLANG_WARN_INFINITE_RECURSION = YES;
				CLANG_WARN_INT_CONVERSION = YES;
				CLANG_WARN_OBJC_ROOT_CLASS = YES_ERROR;
				CLANG_WARN_SUSPICIOUS_MOVE = YES;
				CLANG_WARN_UNREACHABLE_CODE = YES;
				CLANG_WARN__DUPLICATE_METHOD_MATCH = YES;
				"CODE_SIGN_IDENTITY[sdk=iphoneos*]" = "iPhone Developer";
				COPY_PHASE_STRIP = NO;
				DEBUG_INFORMATION_FORMAT = "dwarf-with-dsym";
				ENABLE_NS_ASSERTIONS = NO;
				ENABLE_STRICT_OBJC_MSGSEND = YES;
				GCC_C_LANGUAGE_STANDARD = gnu99;
				GCC_NO_COMMON_BLOCKS = YES;
				GCC_WARN_64_TO_32_BIT_CONVERSION = YES;
				GCC_WARN_ABOUT_RETURN_TYPE = YES_ERROR;
				GCC_WARN_UNDECLARED_SELECTOR = YES;
				GCC_WARN_UNINITIALIZED_AUTOS = YES_AGGRESSIVE;
				GCC_WARN_UNUSED_FUNCTION = YES;
				GCC_WARN_UNUSED_VARIABLE = YES;
				IPHONEOS_DEPLOYMENT_TARGET = 10.3;
				MTL_ENABLE_DEBUG_INFO = NO;
				SDKROOT = iphoneos;
				SWIFT_OPTIMIZATION_LEVEL = "-Owholemodule";
				VALIDATE_PRODUCT = YES;
			};
			name = Release;
		};
		CF76E1F91FB11E5100D32037 /* Debug */ = {
			isa = XCBuildConfiguration;
			baseConfigurationReference = C532A705F36A8276291514B1 /* Pods-PAM-Reference-App.debug.xcconfig */;
			buildSettings = {
				ASSETCATALOG_COMPILER_APPICON_NAME = AppIcon;
				DEVELOPMENT_TEAM = E8AN4S9FD3;
				INFOPLIST_FILE = "PAM-Reference-App/Info.plist";
				LD_RUNPATH_SEARCH_PATHS = "$(inherited) @executable_path/Frameworks";
				PRODUCT_BUNDLE_IDENTIFIER = "edu.cornell.tech.foundry.PAM-Reference-App";
				PRODUCT_NAME = "$(TARGET_NAME)";
				SWIFT_VERSION = 3.0;
			};
			name = Debug;
		};
		CF76E1FA1FB11E5100D32037 /* Release */ = {
			isa = XCBuildConfiguration;
			baseConfigurationReference = 1E9B28DD7C1C80386F91B68D /* Pods-PAM-Reference-App.release.xcconfig */;
			buildSettings = {
				ASSETCATALOG_COMPILER_APPICON_NAME = AppIcon;
				DEVELOPMENT_TEAM = E8AN4S9FD3;
				INFOPLIST_FILE = "PAM-Reference-App/Info.plist";
				LD_RUNPATH_SEARCH_PATHS = "$(inherited) @executable_path/Frameworks";
				PRODUCT_BUNDLE_IDENTIFIER = "edu.cornell.tech.foundry.PAM-Reference-App";
				PRODUCT_NAME = "$(TARGET_NAME)";
				SWIFT_VERSION = 3.0;
			};
			name = Release;
		};
		CF76E1FC1FB11E5100D32037 /* Debug */ = {
			isa = XCBuildConfiguration;
			baseConfigurationReference = 907126D48B325A26E86032C9 /* Pods-PAM-Reference-AppTests.debug.xcconfig */;
			buildSettings = {
				ALWAYS_EMBED_SWIFT_STANDARD_LIBRARIES = YES;
				BUNDLE_LOADER = "$(TEST_HOST)";
				DEVELOPMENT_TEAM = E8AN4S9FD3;
				INFOPLIST_FILE = "PAM-Reference-AppTests/Info.plist";
				LD_RUNPATH_SEARCH_PATHS = "$(inherited) @executable_path/Frameworks @loader_path/Frameworks";
				PRODUCT_BUNDLE_IDENTIFIER = "edu.cornell.tech.foundry.PAM-Reference-AppTests";
				PRODUCT_NAME = "$(TARGET_NAME)";
				SWIFT_VERSION = 3.0;
				TEST_HOST = "$(BUILT_PRODUCTS_DIR)/PAM-Reference-App.app/PAM-Reference-App";
			};
			name = Debug;
		};
		CF76E1FD1FB11E5100D32037 /* Release */ = {
			isa = XCBuildConfiguration;
			baseConfigurationReference = B9EC30007A0CF4B38E9B68FC /* Pods-PAM-Reference-AppTests.release.xcconfig */;
			buildSettings = {
				ALWAYS_EMBED_SWIFT_STANDARD_LIBRARIES = YES;
				BUNDLE_LOADER = "$(TEST_HOST)";
				DEVELOPMENT_TEAM = E8AN4S9FD3;
				INFOPLIST_FILE = "PAM-Reference-AppTests/Info.plist";
				LD_RUNPATH_SEARCH_PATHS = "$(inherited) @executable_path/Frameworks @loader_path/Frameworks";
				PRODUCT_BUNDLE_IDENTIFIER = "edu.cornell.tech.foundry.PAM-Reference-AppTests";
				PRODUCT_NAME = "$(TARGET_NAME)";
				SWIFT_VERSION = 3.0;
				TEST_HOST = "$(BUILT_PRODUCTS_DIR)/PAM-Reference-App.app/PAM-Reference-App";
			};
			name = Release;
		};
/* End XCBuildConfiguration section */

/* Begin XCConfigurationList section */
		CF76E1D61FB11E5000D32037 /* Build configuration list for PBXProject "PAM-Reference-App" */ = {
			isa = XCConfigurationList;
			buildConfigurations = (
				CF76E1F61FB11E5100D32037 /* Debug */,
				CF76E1F71FB11E5100D32037 /* Release */,
			);
			defaultConfigurationIsVisible = 0;
			defaultConfigurationName = Release;
		};
		CF76E1F81FB11E5100D32037 /* Build configuration list for PBXNativeTarget "PAM-Reference-App" */ = {
			isa = XCConfigurationList;
			buildConfigurations = (
				CF76E1F91FB11E5100D32037 /* Debug */,
				CF76E1FA1FB11E5100D32037 /* Release */,
			);
			defaultConfigurationIsVisible = 0;
			defaultConfigurationName = Release;
		};
		CF76E1FB1FB11E5100D32037 /* Build configuration list for PBXNativeTarget "PAM-Reference-AppTests" */ = {
			isa = XCConfigurationList;
			buildConfigurations = (
				CF76E1FC1FB11E5100D32037 /* Debug */,
				CF76E1FD1FB11E5100D32037 /* Release */,
			);
			defaultConfigurationIsVisible = 0;
			defaultConfigurationName = Release;
		};
/* End XCConfigurationList section */
	};
	rootObject = CF76E1D31FB11E5000D32037 /* Project object */;
}
